// !$*UTF8*$!
{
	archiveVersion = 1;
	classes = {
	};
	objectVersion = 55;
	objects = {

/* Begin PBXBuildFile section */
		121FBD9E283030AE0032C05D /* OrderConfirmationViewController.swift in Sources */ = {isa = PBXBuildFile; fileRef = 121FBD9D283030AE0032C05D /* OrderConfirmationViewController.swift */; };
		12A1F980281D74DB00485942 /* AppDelegate.swift in Sources */ = {isa = PBXBuildFile; fileRef = 12A1F97F281D74DB00485942 /* AppDelegate.swift */; };
		12A1F982281D74DB00485942 /* SceneDelegate.swift in Sources */ = {isa = PBXBuildFile; fileRef = 12A1F981281D74DB00485942 /* SceneDelegate.swift */; };
		12A1F987281D74DB00485942 /* Main.storyboard in Resources */ = {isa = PBXBuildFile; fileRef = 12A1F985281D74DB00485942 /* Main.storyboard */; };
		12A1F989281D74E000485942 /* Assets.xcassets in Resources */ = {isa = PBXBuildFile; fileRef = 12A1F988281D74E000485942 /* Assets.xcassets */; };
		12A1F98C281D74E000485942 /* LaunchScreen.storyboard in Resources */ = {isa = PBXBuildFile; fileRef = 12A1F98A281D74E000485942 /* LaunchScreen.storyboard */; };
		12A1F994281DB36300485942 /* CategoryTableViewController.swift in Sources */ = {isa = PBXBuildFile; fileRef = 12A1F993281DB36300485942 /* CategoryTableViewController.swift */; };
		12A1F996281DB39200485942 /* MenuTableViewController.swift in Sources */ = {isa = PBXBuildFile; fileRef = 12A1F995281DB39200485942 /* MenuTableViewController.swift */; };
		12A1F998281DB3A500485942 /* OrderTableViewController.swift in Sources */ = {isa = PBXBuildFile; fileRef = 12A1F997281DB3A500485942 /* OrderTableViewController.swift */; };
		12A1F99A281DB5BD00485942 /* MenuItemDetailViewController.swift in Sources */ = {isa = PBXBuildFile; fileRef = 12A1F999281DB5BD00485942 /* MenuItemDetailViewController.swift */; };
		12A1F99C281DB78100485942 /* MenuItem.swift in Sources */ = {isa = PBXBuildFile; fileRef = 12A1F99B281DB78100485942 /* MenuItem.swift */; };
		12A1F99E281DBEC700485942 /* IntermediaryModels.swift in Sources */ = {isa = PBXBuildFile; fileRef = 12A1F99D281DBEC700485942 /* IntermediaryModels.swift */; };
		12A1F9A0281DBF9A00485942 /* Order.swift in Sources */ = {isa = PBXBuildFile; fileRef = 12A1F99F281DBF9A00485942 /* Order.swift */; };
		12A1F9A6281DCABB00485942 /* MenuController.swift in Sources */ = {isa = PBXBuildFile; fileRef = 12A1F9A5281DCABB00485942 /* MenuController.swift */; };
/* End PBXBuildFile section */

/* Begin PBXFileReference section */
		121FBD9D283030AE0032C05D /* OrderConfirmationViewController.swift */ = {isa = PBXFileReference; lastKnownFileType = sourcecode.swift; path = OrderConfirmationViewController.swift; sourceTree = "<group>"; };
		12A1F97C281D74DB00485942 /* RestaurantApp.app */ = {isa = PBXFileReference; explicitFileType = wrapper.application; includeInIndex = 0; path = RestaurantApp.app; sourceTree = BUILT_PRODUCTS_DIR; };
		12A1F97F281D74DB00485942 /* AppDelegate.swift */ = {isa = PBXFileReference; lastKnownFileType = sourcecode.swift; path = AppDelegate.swift; sourceTree = "<group>"; };
		12A1F981281D74DB00485942 /* SceneDelegate.swift */ = {isa = PBXFileReference; lastKnownFileType = sourcecode.swift; path = SceneDelegate.swift; sourceTree = "<group>"; };
		12A1F986281D74DB00485942 /* Base */ = {isa = PBXFileReference; lastKnownFileType = file.storyboard; name = Base; path = Base.lproj/Main.storyboard; sourceTree = "<group>"; };
		12A1F988281D74E000485942 /* Assets.xcassets */ = {isa = PBXFileReference; lastKnownFileType = folder.assetcatalog; path = Assets.xcassets; sourceTree = "<group>"; };
		12A1F98B281D74E000485942 /* Base */ = {isa = PBXFileReference; lastKnownFileType = file.storyboard; name = Base; path = Base.lproj/LaunchScreen.storyboard; sourceTree = "<group>"; };
		12A1F98D281D74E000485942 /* Info.plist */ = {isa = PBXFileReference; lastKnownFileType = text.plist.xml; path = Info.plist; sourceTree = "<group>"; };
		12A1F993281DB36300485942 /* CategoryTableViewController.swift */ = {isa = PBXFileReference; lastKnownFileType = sourcecode.swift; path = CategoryTableViewController.swift; sourceTree = "<group>"; };
		12A1F995281DB39200485942 /* MenuTableViewController.swift */ = {isa = PBXFileReference; lastKnownFileType = sourcecode.swift; path = MenuTableViewController.swift; sourceTree = "<group>"; };
		12A1F997281DB3A500485942 /* OrderTableViewController.swift */ = {isa = PBXFileReference; lastKnownFileType = sourcecode.swift; path = OrderTableViewController.swift; sourceTree = "<group>"; };
		12A1F999281DB5BD00485942 /* MenuItemDetailViewController.swift */ = {isa = PBXFileReference; lastKnownFileType = sourcecode.swift; path = MenuItemDetailViewController.swift; sourceTree = "<group>"; };
		12A1F99B281DB78100485942 /* MenuItem.swift */ = {isa = PBXFileReference; lastKnownFileType = sourcecode.swift; path = MenuItem.swift; sourceTree = "<group>"; };
		12A1F99D281DBEC700485942 /* IntermediaryModels.swift */ = {isa = PBXFileReference; lastKnownFileType = sourcecode.swift; path = IntermediaryModels.swift; sourceTree = "<group>"; };
		12A1F99F281DBF9A00485942 /* Order.swift */ = {isa = PBXFileReference; lastKnownFileType = sourcecode.swift; path = Order.swift; sourceTree = "<group>"; };
		12A1F9A5281DCABB00485942 /* MenuController.swift */ = {isa = PBXFileReference; lastKnownFileType = sourcecode.swift; path = MenuController.swift; sourceTree = "<group>"; };
/* End PBXFileReference section */

/* Begin PBXFrameworksBuildPhase section */
		12A1F979281D74DB00485942 /* Frameworks */ = {
			isa = PBXFrameworksBuildPhase;
			buildActionMask = 2147483647;
			files = (
			);
			runOnlyForDeploymentPostprocessing = 0;
		};
/* End PBXFrameworksBuildPhase section */

/* Begin PBXGroup section */
		12A1F973281D74DB00485942 = {
			isa = PBXGroup;
			children = (
				12A1F97E281D74DB00485942 /* RestaurantApp */,
				12A1F97D281D74DB00485942 /* Products */,
			);
			sourceTree = "<group>";
		};
		12A1F97D281D74DB00485942 /* Products */ = {
			isa = PBXGroup;
			children = (
				12A1F97C281D74DB00485942 /* RestaurantApp.app */,
			);
			name = Products;
			sourceTree = "<group>";
		};
		12A1F97E281D74DB00485942 /* RestaurantApp */ = {
			isa = PBXGroup;
			children = (
				12A1F9A4281DCA7900485942 /* Services */,
				12A1F9A3281DCA1B00485942 /* Controller */,
				12A1F9A2281DCA1400485942 /* View */,
				12A1F9A1281DCA0C00485942 /* Model */,
				12A1F97F281D74DB00485942 /* AppDelegate.swift */,
				12A1F981281D74DB00485942 /* SceneDelegate.swift */,
				12A1F985281D74DB00485942 /* Main.storyboard */,
				12A1F988281D74E000485942 /* Assets.xcassets */,
				12A1F98A281D74E000485942 /* LaunchScreen.storyboard */,
				12A1F98D281D74E000485942 /* Info.plist */,
			);
			path = RestaurantApp;
			sourceTree = "<group>";
		};
		12A1F9A1281DCA0C00485942 /* Model */ = {
			isa = PBXGroup;
			children = (
				12A1F99B281DB78100485942 /* MenuItem.swift */,
				12A1F99D281DBEC700485942 /* IntermediaryModels.swift */,
				12A1F99F281DBF9A00485942 /* Order.swift */,
			);
			path = Model;
			sourceTree = "<group>";
		};
		12A1F9A2281DCA1400485942 /* View */ = {
			isa = PBXGroup;
			children = (
			);
			path = View;
			sourceTree = "<group>";
		};
		12A1F9A3281DCA1B00485942 /* Controller */ = {
			isa = PBXGroup;
			children = (
				12A1F993281DB36300485942 /* CategoryTableViewController.swift */,
				12A1F995281DB39200485942 /* MenuTableViewController.swift */,
				12A1F997281DB3A500485942 /* OrderTableViewController.swift */,
				12A1F999281DB5BD00485942 /* MenuItemDetailViewController.swift */,
				121FBD9D283030AE0032C05D /* OrderConfirmationViewController.swift */,
			);
			path = Controller;
			sourceTree = "<group>";
		};
		12A1F9A4281DCA7900485942 /* Services */ = {
			isa = PBXGroup;
			children = (
				12A1F9A5281DCABB00485942 /* MenuController.swift */,
			);
			path = Services;
			sourceTree = "<group>";
		};
/* End PBXGroup section */

/* Begin PBXNativeTarget section */
		12A1F97B281D74DB00485942 /* RestaurantApp */ = {
			isa = PBXNativeTarget;
			buildConfigurationList = 12A1F990281D74E000485942 /* Build configuration list for PBXNativeTarget "RestaurantApp" */;
			buildPhases = (
				12A1F978281D74DB00485942 /* Sources */,
				12A1F979281D74DB00485942 /* Frameworks */,
				12A1F97A281D74DB00485942 /* Resources */,
			);
			buildRules = (
			);
			dependencies = (
			);
			name = RestaurantApp;
			productName = RestaurantApp;
			productReference = 12A1F97C281D74DB00485942 /* RestaurantApp.app */;
			productType = "com.apple.product-type.application";
		};
/* End PBXNativeTarget section */

/* Begin PBXProject section */
		12A1F974281D74DB00485942 /* Project object */ = {
			isa = PBXProject;
			attributes = {
				BuildIndependentTargetsInParallel = 1;
				LastSwiftUpdateCheck = 1330;
				LastUpgradeCheck = 1330;
				TargetAttributes = {
					12A1F97B281D74DB00485942 = {
						CreatedOnToolsVersion = 13.3.1;
					};
				};
			};
			buildConfigurationList = 12A1F977281D74DB00485942 /* Build configuration list for PBXProject "RestaurantApp" */;
			compatibilityVersion = "Xcode 13.0";
			developmentRegion = en;
			hasScannedForEncodings = 0;
			knownRegions = (
				en,
				Base,
			);
			mainGroup = 12A1F973281D74DB00485942;
			productRefGroup = 12A1F97D281D74DB00485942 /* Products */;
			projectDirPath = "";
			projectRoot = "";
			targets = (
				12A1F97B281D74DB00485942 /* RestaurantApp */,
			);
		};
/* End PBXProject section */

/* Begin PBXResourcesBuildPhase section */
		12A1F97A281D74DB00485942 /* Resources */ = {
			isa = PBXResourcesBuildPhase;
			buildActionMask = 2147483647;
			files = (
				12A1F98C281D74E000485942 /* LaunchScreen.storyboard in Resources */,
				12A1F989281D74E000485942 /* Assets.xcassets in Resources */,
				12A1F987281D74DB00485942 /* Main.storyboard in Resources */,
			);
			runOnlyForDeploymentPostprocessing = 0;
		};
/* End PBXResourcesBuildPhase section */

/* Begin PBXSourcesBuildPhase section */
		12A1F978281D74DB00485942 /* Sources */ = {
			isa = PBXSourcesBuildPhase;
			buildActionMask = 2147483647;
			files = (
				12A1F9A6281DCABB00485942 /* MenuController.swift in Sources */,
				12A1F980281D74DB00485942 /* AppDelegate.swift in Sources */,
				12A1F9A0281DBF9A00485942 /* Order.swift in Sources */,
				12A1F996281DB39200485942 /* MenuTableViewController.swift in Sources */,
				12A1F99A281DB5BD00485942 /* MenuItemDetailViewController.swift in Sources */,
				12A1F982281D74DB00485942 /* SceneDelegate.swift in Sources */,
				12A1F99E281DBEC700485942 /* IntermediaryModels.swift in Sources */,
				12A1F99C281DB78100485942 /* MenuItem.swift in Sources */,
				12A1F998281DB3A500485942 /* OrderTableViewController.swift in Sources */,
				121FBD9E283030AE0032C05D /* OrderConfirmationViewController.swift in Sources */,
				12A1F994281DB36300485942 /* CategoryTableViewController.swift in Sources */,
			);
			runOnlyForDeploymentPostprocessing = 0;
		};
/* End PBXSourcesBuildPhase section */

/* Begin PBXVariantGroup section */
		12A1F985281D74DB00485942 /* Main.storyboard */ = {
			isa = PBXVariantGroup;
			children = (
				12A1F986281D74DB00485942 /* Base */,
			);
			name = Main.storyboard;
			sourceTree = "<group>";
		};
		12A1F98A281D74E000485942 /* LaunchScreen.storyboard */ = {
			isa = PBXVariantGroup;
			children = (
				12A1F98B281D74E000485942 /* Base */,
			);
			name = LaunchScreen.storyboard;
			sourceTree = "<group>";
		};
/* End PBXVariantGroup section */

/* Begin XCBuildConfiguration section */
		12A1F98E281D74E000485942 /* Debug */ = {
			isa = XCBuildConfiguration;
			buildSettings = {
				ALWAYS_SEARCH_USER_PATHS = NO;
				CLANG_ANALYZER_NONNULL = YES;
				CLANG_ANALYZER_NUMBER_OBJECT_CONVERSION = YES_AGGRESSIVE;
				CLANG_CXX_LANGUAGE_STANDARD = "gnu++17";
				CLANG_ENABLE_MODULES = YES;
				CLANG_ENABLE_OBJC_ARC = YES;
				CLANG_ENABLE_OBJC_WEAK = YES;
				CLANG_WARN_BLOCK_CAPTURE_AUTORELEASING = YES;
				CLANG_WARN_BOOL_CONVERSION = YES;
				CLANG_WARN_COMMA = YES;
				CLANG_WARN_CONSTANT_CONVERSION = YES;
				CLANG_WARN_DEPRECATED_OBJC_IMPLEMENTATIONS = YES;
				CLANG_WARN_DIRECT_OBJC_ISA_USAGE = YES_ERROR;
				CLANG_WARN_DOCUMENTATION_COMMENTS = YES;
				CLANG_WARN_EMPTY_BODY = YES;
				CLANG_WARN_ENUM_CONVERSION = YES;
				CLANG_WARN_INFINITE_RECURSION = YES;
				CLANG_WARN_INT_CONVERSION = YES;
				CLANG_WARN_NON_LITERAL_NULL_CONVERSION = YES;
				CLANG_WARN_OBJC_IMPLICIT_RETAIN_SELF = YES;
				CLANG_WARN_OBJC_LITERAL_CONVERSION = YES;
				CLANG_WARN_OBJC_ROOT_CLASS = YES_ERROR;
				CLANG_WARN_QUOTED_INCLUDE_IN_FRAMEWORK_HEADER = YES;
				CLANG_WARN_RANGE_LOOP_ANALYSIS = YES;
				CLANG_WARN_STRICT_PROTOTYPES = YES;
				CLANG_WARN_SUSPICIOUS_MOVE = YES;
				CLANG_WARN_UNGUARDED_AVAILABILITY = YES_AGGRESSIVE;
				CLANG_WARN_UNREACHABLE_CODE = YES;
				CLANG_WARN__DUPLICATE_METHOD_MATCH = YES;
				COPY_PHASE_STRIP = NO;
				DEBUG_INFORMATION_FORMAT = dwarf;
				ENABLE_STRICT_OBJC_MSGSEND = YES;
				ENABLE_TESTABILITY = YES;
				GCC_C_LANGUAGE_STANDARD = gnu11;
				GCC_DYNAMIC_NO_PIC = NO;
				GCC_NO_COMMON_BLOCKS = YES;
				GCC_OPTIMIZATION_LEVEL = 0;
				GCC_PREPROCESSOR_DEFINITIONS = (
					"DEBUG=1",
					"$(inherited)",
				);
				GCC_WARN_64_TO_32_BIT_CONVERSION = YES;
				GCC_WARN_ABOUT_RETURN_TYPE = YES_ERROR;
				GCC_WARN_UNDECLARED_SELECTOR = YES;
				GCC_WARN_UNINITIALIZED_AUTOS = YES_AGGRESSIVE;
				GCC_WARN_UNUSED_FUNCTION = YES;
				GCC_WARN_UNUSED_VARIABLE = YES;
				IPHONEOS_DEPLOYMENT_TARGET = 15.4;
				MTL_ENABLE_DEBUG_INFO = INCLUDE_SOURCE;
				MTL_FAST_MATH = YES;
				ONLY_ACTIVE_ARCH = YES;
				SDKROOT = iphoneos;
				SWIFT_ACTIVE_COMPILATION_CONDITIONS = DEBUG;
				SWIFT_OPTIMIZATION_LEVEL = "-Onone";
			};
			name = Debug;
		};
		12A1F98F281D74E000485942 /* Release */ = {
			isa = XCBuildConfiguration;
			buildSettings = {
				ALWAYS_SEARCH_USER_PATHS = NO;
				CLANG_ANALYZER_NONNULL = YES;
				CLANG_ANALYZER_NUMBER_OBJECT_CONVERSION = YES_AGGRESSIVE;
				CLANG_CXX_LANGUAGE_STANDARD = "gnu++17";
				CLANG_ENABLE_MODULES = YES;
				CLANG_ENABLE_OBJC_ARC = YES;
				CLANG_ENABLE_OBJC_WEAK = YES;
				CLANG_WARN_BLOCK_CAPTURE_AUTORELEASING = YES;
				CLANG_WARN_BOOL_CONVERSION = YES;
				CLANG_WARN_COMMA = YES;
				CLANG_WARN_CONSTANT_CONVERSION = YES;
				CLANG_WARN_DEPRECATED_OBJC_IMPLEMENTATIONS = YES;
				CLANG_WARN_DIRECT_OBJC_ISA_USAGE = YES_ERROR;
				CLANG_WARN_DOCUMENTATION_COMMENTS = YES;
				CLANG_WARN_EMPTY_BODY = YES;
				CLANG_WARN_ENUM_CONVERSION = YES;
				CLANG_WARN_INFINITE_RECURSION = YES;
				CLANG_WARN_INT_CONVERSION = YES;
				CLANG_WARN_NON_LITERAL_NULL_CONVERSION = YES;
				CLANG_WARN_OBJC_IMPLICIT_RETAIN_SELF = YES;
				CLANG_WARN_OBJC_LITERAL_CONVERSION = YES;
				CLANG_WARN_OBJC_ROOT_CLASS = YES_ERROR;
				CLANG_WARN_QUOTED_INCLUDE_IN_FRAMEWORK_HEADER = YES;
				CLANG_WARN_RANGE_LOOP_ANALYSIS = YES;
				CLANG_WARN_STRICT_PROTOTYPES = YES;
				CLANG_WARN_SUSPICIOUS_MOVE = YES;
				CLANG_WARN_UNGUARDED_AVAILABILITY = YES_AGGRESSIVE;
				CLANG_WARN_UNREACHABLE_CODE = YES;
				CLANG_WARN__DUPLICATE_METHOD_MATCH = YES;
				COPY_PHASE_STRIP = NO;
				DEBUG_INFORMATION_FORMAT = "dwarf-with-dsym";
				ENABLE_NS_ASSERTIONS = NO;
				ENABLE_STRICT_OBJC_MSGSEND = YES;
				GCC_C_LANGUAGE_STANDARD = gnu11;
				GCC_NO_COMMON_BLOCKS = YES;
				GCC_WARN_64_TO_32_BIT_CONVERSION = YES;
				GCC_WARN_ABOUT_RETURN_TYPE = YES_ERROR;
				GCC_WARN_UNDECLARED_SELECTOR = YES;
				GCC_WARN_UNINITIALIZED_AUTOS = YES_AGGRESSIVE;
				GCC_WARN_UNUSED_FUNCTION = YES;
				GCC_WARN_UNUSED_VARIABLE = YES;
				IPHONEOS_DEPLOYMENT_TARGET = 15.4;
				MTL_ENABLE_DEBUG_INFO = NO;
				MTL_FAST_MATH = YES;
				SDKROOT = iphoneos;
				SWIFT_COMPILATION_MODE = wholemodule;
				SWIFT_OPTIMIZATION_LEVEL = "-O";
				VALIDATE_PRODUCT = YES;
			};
			name = Release;
		};
		12A1F991281D74E000485942 /* Debug */ = {
			isa = XCBuildConfiguration;
			buildSettings = {
				ASSETCATALOG_COMPILER_APPICON_NAME = AppIcon;
				ASSETCATALOG_COMPILER_GLOBAL_ACCENT_COLOR_NAME = AccentColor;
				CODE_SIGN_STYLE = Automatic;
				CURRENT_PROJECT_VERSION = 1;
				DEVELOPMENT_TEAM = DLYT3XDZHC;
				GENERATE_INFOPLIST_FILE = YES;
				INFOPLIST_FILE = RestaurantApp/Info.plist;
				INFOPLIST_KEY_UIApplicationSupportsIndirectInputEvents = YES;
				INFOPLIST_KEY_UILaunchStoryboardName = LaunchScreen;
				INFOPLIST_KEY_UIMainStoryboardFile = Main;
				INFOPLIST_KEY_UISupportedInterfaceOrientations_iPad = "UIInterfaceOrientationPortrait UIInterfaceOrientationPortraitUpsideDown UIInterfaceOrientationLandscapeLeft UIInterfaceOrientationLandscapeRight";
				INFOPLIST_KEY_UISupportedInterfaceOrientations_iPhone = "UIInterfaceOrientationPortrait UIInterfaceOrientationLandscapeLeft UIInterfaceOrientationLandscapeRight";
				LD_RUNPATH_SEARCH_PATHS = (
					"$(inherited)",
					"@executable_path/Frameworks",
				);
				MARKETING_VERSION = 1.0;
				PRODUCT_BUNDLE_IDENTIFIER = com.snowappdevelopment.RestaurantApp;
				PRODUCT_NAME = "$(TARGET_NAME)";
				SWIFT_EMIT_LOC_STRINGS = YES;
				SWIFT_VERSION = 5.0;
				TARGETED_DEVICE_FAMILY = "1,2";
			};
			name = Debug;
		};
		12A1F992281D74E000485942 /* Release */ = {
			isa = XCBuildConfiguration;
			buildSettings = {
				ASSETCATALOG_COMPILER_APPICON_NAME = AppIcon;
				ASSETCATALOG_COMPILER_GLOBAL_ACCENT_COLOR_NAME = AccentColor;
				CODE_SIGN_STYLE = Automatic;
				CURRENT_PROJECT_VERSION = 1;
				DEVELOPMENT_TEAM = DLYT3XDZHC;
				GENERATE_INFOPLIST_FILE = YES;
				INFOPLIST_FILE = RestaurantApp/Info.plist;
				INFOPLIST_KEY_UIApplicationSupportsIndirectInputEvents = YES;
				INFOPLIST_KEY_UILaunchStoryboardName = LaunchScreen;
				INFOPLIST_KEY_UIMainStoryboardFile = Main;
				INFOPLIST_KEY_UISupportedInterfaceOrientations_iPad = "UIInterfaceOrientationPortrait UIInterfaceOrientationPortraitUpsideDown UIInterfaceOrientationLandscapeLeft UIInterfaceOrientationLandscapeRight";
				INFOPLIST_KEY_UISupportedInterfaceOrientations_iPhone = "UIInterfaceOrientationPortrait UIInterfaceOrientationLandscapeLeft UIInterfaceOrientationLandscapeRight";
				LD_RUNPATH_SEARCH_PATHS = (
					"$(inherited)",
					"@executable_path/Frameworks",
				);
				MARKETING_VERSION = 1.0;
				PRODUCT_BUNDLE_IDENTIFIER = com.snowappdevelopment.RestaurantApp;
				PRODUCT_NAME = "$(TARGET_NAME)";
				SWIFT_EMIT_LOC_STRINGS = YES;
				SWIFT_VERSION = 5.0;
				TARGETED_DEVICE_FAMILY = "1,2";
			};
			name = Release;
		};
/* End XCBuildConfiguration section */

/* Begin XCConfigurationList section */
		12A1F977281D74DB00485942 /* Build configuration list for PBXProject "RestaurantApp" */ = {
			isa = XCConfigurationList;
			buildConfigurations = (
				12A1F98E281D74E000485942 /* Debug */,
				12A1F98F281D74E000485942 /* Release */,
			);
			defaultConfigurationIsVisible = 0;
			defaultConfigurationName = Release;
		};
		12A1F990281D74E000485942 /* Build configuration list for PBXNativeTarget "RestaurantApp" */ = {
			isa = XCConfigurationList;
			buildConfigurations = (
				12A1F991281D74E000485942 /* Debug */,
				12A1F992281D74E000485942 /* Release */,
			);
			defaultConfigurationIsVisible = 0;
			defaultConfigurationName = Release;
		};
/* End XCConfigurationList section */
	};
	rootObject = 12A1F974281D74DB00485942 /* Project object */;
}
